
Microsoft Visual Studio Solution File, Format Version 12.00
# Visual Studio Version 17
VisualStudioVersion = 17.4.33213.308
MinimumVisualStudioVersion = 10.0.40219.1
Project("{FAE04EC0-301F-11D3-BF4B-00C04F79EFBC}") = "Flyweight2", "Flyweight2\Flyweight2.csproj", "{6166BAD6-A3F0-47DE-A224-41DA9D0DE6FE}"
EndProject
Global
	GlobalSection(SolutionConfigurationPlatforms) = preSolution
		Debug|Any CPU = Debug|Any CPU
		Release|Any CPU = Release|Any CPU
	EndGlobalSection
	GlobalSection(ProjectConfigurationPlatforms) = postSolution
		{6166BAD6-A3F0-47DE-A224-41DA9D0DE6FE}.Debug|Any CPU.ActiveCfg = Debug|Any CPU
		{6166BAD6-A3F0-47DE-A224-41DA9D0DE6FE}.Debug|Any CPU.Build.0 = Debug|Any CPU
		{6166BAD6-A3F0-47DE-A224-41DA9D0DE6FE}.Release|Any CPU.ActiveCfg = Release|Any CPU
		{6166BAD6-A3F0-47DE-A224-41DA9D0DE6FE}.Release|Any CPU.Build.0 = Release|Any CPU
	EndGlobalSection
	GlobalSection(SolutionProperties) = preSolution
		HideSolutionNode = FALSE
	EndGlobalSection
	GlobalSection(ExtensibilityGlobals) = postSolution
		SolutionGuid = {6CD4DF7D-00A7-459E-8AC7-B2B02D831BB6}
	EndGlobalSection
EndGlobal
